PODS:
  - ActionCableClient (0.1.0):
    - Starscream (~> 1.1.2)
    - SwiftyJSON (~> 2.3.1)
  - Nimble (3.0.0)
  - Quick (0.9.1)
  - SnapKit (0.19.1)
  - Starscream (1.1.2)
  - SwiftyJSON (2.3.2)

DEPENDENCIES:
  - ActionCableClient (from `../`)
  - Nimble (= 3.0.0)
  - Quick (~> 0.9.1)
  - SnapKit
  - SwiftyJSON

EXTERNAL SOURCES:
  ActionCableClient:
    :path: "../"

SPEC CHECKSUMS:
  ActionCableClient: e94a0783ff7b2d6b4493e21df6425c8f6f6b53ea
  Nimble: 4c353d43735b38b545cbb4cb91504588eb5de926
  Quick: a5221fc21788b6aeda934805e68b061839bc3165
  SnapKit: eff58d6e3451bf2f482db2eccf86aecf371dc62d
  Starscream: 58a12fd35a3cb6aaa105716c2d42765f7c1c732f
  SwiftyJSON: 04ccea08915aa0109039157c7974cf0298da292a

PODFILE CHECKSUM: a1a31f89f01cbb580a4f87dfae2a9bd22d5c726a

COCOAPODS: 1.0.0.beta.4
