PODS:
  - ActionCableClient (0.2.1):
    - Starscream (~> 2.0.1)
  - SnapKit (3.0.2)
  - Starscream (2.0.1)
  - SwiftyJSON (3.1.1)

DEPENDENCIES:
  - ActionCableClient (from `../`)
  - SnapKit
  - SwiftyJSON

EXTERNAL SOURCES:
  ActionCableClient:
    :path: "../"

SPEC CHECKSUMS:
  ActionCableClient: a60b0b1ed59fba870a43d7d6c71a1be180f4851b
  SnapKit: 2e456761aa92d4d4067a7a5594c18769d451a8ad
  Starscream: ce7a202d95615bd4113bc5a0f1932f1db8c808a4
  SwiftyJSON: f0be2e604f83e8405a624e9f891898bf6ed4e019

PODFILE CHECKSUM: dbc0283d807753c3c71ad17b82e66d2742059690

COCOAPODS: 1.2.0.beta.1
